{
  "version": 4,
  "terraform_version": "1.7.2",
  "serial": 1,
  "lineage": "3aee482c-328f-57e6-4e1c-d0e245aa0cba",
  "outputs": {},
  "resources": [
    {
      "mode": "managed",
      "type": "spotify_playlist",
      "name": "bollywood",
      "provider": "provider[\"registry.terraform.io/conradludgate/spotify\"]",
      "instances": [
        {
          "schema_version": 0,
          "attributes": {
            "description": null,
            "id": "1kMeGHrAR6c9vzH8bFrSP5",
            "name": "My Fav Playlist",
            "public": true,
            "snapshot_id": "AAAAAmcWbDpLWnYi180LHXHZ3S0zRN98",
            "tracks": [
              "131yybV7A3TmC34a0qE8u8"
            ]
          },
          "sensitive_attributes": [],
          "private": "bnVsbA=="
        }
      ]
    }
  ],
  "check_results": null
}
